
Microsoft Visual Studio Solution File, Format Version 12.00
# Visual Studio Version 16
VisualStudioVersion = 16.0.33328.57
MinimumVisualStudioVersion = 10.0.40219.1
Project("{FAE04EC0-301F-11D3-BF4B-00C04F79EFBC}") = "Cine.Entities", "Cine.Entities\Cine.Entities.csproj", "{954809E6-4C8F-47BC-9AE4-EBE982BC2E93}"
EndProject
Project("{FAE04EC0-301F-11D3-BF4B-00C04F79EFBC}") = "Cine.DataAccess", "Cine.DataAccess\Cine.DataAccess.csproj", "{35D8E4EE-47A3-499E-A61F-19E40B77A8F9}"
EndProject
Project("{FAE04EC0-301F-11D3-BF4B-00C04F79EFBC}") = "Cine.BusinessLogic", "Cine.BusinessLogic\Cine.BusinessLogic.csproj", "{3BF9D6F5-1BA1-47CF-98FC-F2326196525B}"
EndProject
Project("{FAE04EC0-301F-11D3-BF4B-00C04F79EFBC}") = "Cine.Api", "Cine.Api\Cine.Api.csproj", "{EE2D0DAA-9B74-4C1F-B56E-A8F410F6D23E}"
EndProject
Global
	GlobalSection(SolutionConfigurationPlatforms) = preSolution
		Debug|Any CPU = Debug|Any CPU
		Release|Any CPU = Release|Any CPU
	EndGlobalSection
	GlobalSection(ProjectConfigurationPlatforms) = postSolution
		{954809E6-4C8F-47BC-9AE4-EBE982BC2E93}.Debug|Any CPU.ActiveCfg = Debug|Any CPU
		{954809E6-4C8F-47BC-9AE4-EBE982BC2E93}.Debug|Any CPU.Build.0 = Debug|Any CPU
		{954809E6-4C8F-47BC-9AE4-EBE982BC2E93}.Release|Any CPU.ActiveCfg = Release|Any CPU
		{954809E6-4C8F-47BC-9AE4-EBE982BC2E93}.Release|Any CPU.Build.0 = Release|Any CPU
		{35D8E4EE-47A3-499E-A61F-19E40B77A8F9}.Debug|Any CPU.ActiveCfg = Debug|Any CPU
		{35D8E4EE-47A3-499E-A61F-19E40B77A8F9}.Debug|Any CPU.Build.0 = Debug|Any CPU
		{35D8E4EE-47A3-499E-A61F-19E40B77A8F9}.Release|Any CPU.ActiveCfg = Release|Any CPU
		{35D8E4EE-47A3-499E-A61F-19E40B77A8F9}.Release|Any CPU.Build.0 = Release|Any CPU
		{3BF9D6F5-1BA1-47CF-98FC-F2326196525B}.Debug|Any CPU.ActiveCfg = Debug|Any CPU
		{3BF9D6F5-1BA1-47CF-98FC-F2326196525B}.Debug|Any CPU.Build.0 = Debug|Any CPU
		{3BF9D6F5-1BA1-47CF-98FC-F2326196525B}.Release|Any CPU.ActiveCfg = Release|Any CPU
		{3BF9D6F5-1BA1-47CF-98FC-F2326196525B}.Release|Any CPU.Build.0 = Release|Any CPU
		{EE2D0DAA-9B74-4C1F-B56E-A8F410F6D23E}.Debug|Any CPU.ActiveCfg = Debug|Any CPU
		{EE2D0DAA-9B74-4C1F-B56E-A8F410F6D23E}.Debug|Any CPU.Build.0 = Debug|Any CPU
		{EE2D0DAA-9B74-4C1F-B56E-A8F410F6D23E}.Release|Any CPU.ActiveCfg = Release|Any CPU
		{EE2D0DAA-9B74-4C1F-B56E-A8F410F6D23E}.Release|Any CPU.Build.0 = Release|Any CPU
	EndGlobalSection
	GlobalSection(SolutionProperties) = preSolution
		HideSolutionNode = FALSE
	EndGlobalSection
	GlobalSection(ExtensibilityGlobals) = postSolution
		SolutionGuid = {3EA76495-BB2C-4C48-BD6A-D3EFFE76A4A3}
	EndGlobalSection
EndGlobal
